
Microsoft Visual Studio Solution File, Format Version 12.00
# Visual Studio 14
VisualStudioVersion = 14.0.25420.1
MinimumVisualStudioVersion = 10.0.40219.1
Project("{FAE04EC0-301F-11D3-BF4B-00C04F79EFBC}") = "CareersStack.Web", "src\app\CarrersStack.Web\CareersStack.Web.csproj", "{E86CA707-7249-42C4-A68D-9360CCCBE188}"
EndProject
Project("{FAE04EC0-301F-11D3-BF4B-00C04F79EFBC}") = "CareersStack.Tests", "src\tests\CarrersStack.Tests\CareersStack.Tests.csproj", "{8EDF4429-251A-416D-BB68-93F227191BCF}"
EndProject
Project("{FAE04EC0-301F-11D3-BF4B-00C04F79EFBC}") = "CareersStack.Core", "src\app\CarrersStack.Core\CareersStack.Core.csproj", "{E119160E-BD13-44C0-8764-8DB7AABAA358}"
EndProject
Global
	GlobalSection(SolutionConfigurationPlatforms) = preSolution
		Debug|Any CPU = Debug|Any CPU
		Release|Any CPU = Release|Any CPU
	EndGlobalSection
	GlobalSection(ProjectConfigurationPlatforms) = postSolution
		{E86CA707-7249-42C4-A68D-9360CCCBE188}.Debug|Any CPU.ActiveCfg = Debug|Any CPU
		{E86CA707-7249-42C4-A68D-9360CCCBE188}.Debug|Any CPU.Build.0 = Debug|Any CPU
		{E86CA707-7249-42C4-A68D-9360CCCBE188}.Release|Any CPU.ActiveCfg = Release|Any CPU
		{E86CA707-7249-42C4-A68D-9360CCCBE188}.Release|Any CPU.Build.0 = Release|Any CPU
		{8EDF4429-251A-416D-BB68-93F227191BCF}.Debug|Any CPU.ActiveCfg = Debug|Any CPU
		{8EDF4429-251A-416D-BB68-93F227191BCF}.Debug|Any CPU.Build.0 = Debug|Any CPU
		{8EDF4429-251A-416D-BB68-93F227191BCF}.Release|Any CPU.ActiveCfg = Release|Any CPU
		{8EDF4429-251A-416D-BB68-93F227191BCF}.Release|Any CPU.Build.0 = Release|Any CPU
		{E119160E-BD13-44C0-8764-8DB7AABAA358}.Debug|Any CPU.ActiveCfg = Debug|Any CPU
		{E119160E-BD13-44C0-8764-8DB7AABAA358}.Debug|Any CPU.Build.0 = Debug|Any CPU
		{E119160E-BD13-44C0-8764-8DB7AABAA358}.Release|Any CPU.ActiveCfg = Release|Any CPU
		{E119160E-BD13-44C0-8764-8DB7AABAA358}.Release|Any CPU.Build.0 = Release|Any CPU
	EndGlobalSection
	GlobalSection(SolutionProperties) = preSolution
		HideSolutionNode = FALSE
	EndGlobalSection
EndGlobal
